
Microsoft Visual Studio Solution File, Format Version 12.00
# Visual Studio Version 17
VisualStudioVersion = 17.2.32630.192
MinimumVisualStudioVersion = 10.0.40219.1
Project("{FAE04EC0-301F-11D3-BF4B-00C04F79EFBC}") = "CapaPresentacion", "RJM\CapaPresentacion.csproj", "{13A3E2A0-393F-46C4-A535-B6E86863FE99}"
EndProject
Project("{FAE04EC0-301F-11D3-BF4B-00C04F79EFBC}") = "CapaEntidad", "CapaEntidad\CapaEntidad.csproj", "{9BE0722F-0D74-4CD6-9D3E-74F1925969A3}"
EndProject
Project("{FAE04EC0-301F-11D3-BF4B-00C04F79EFBC}") = "CapaNegocio", "CapaNegocio\CapaNegocio.csproj", "{D8456E4F-A14F-4EE5-BAF3-D6D625B75FA0}"
EndProject
Project("{FAE04EC0-301F-11D3-BF4B-00C04F79EFBC}") = "CapaDatos", "CapaDatos\CapaDatos.csproj", "{BC39F279-37FD-407B-BB70-93D7E6D7CAA0}"
EndProject
Global
	GlobalSection(SolutionConfigurationPlatforms) = preSolution
		Debug|Any CPU = Debug|Any CPU
		Release|Any CPU = Release|Any CPU
	EndGlobalSection
	GlobalSection(ProjectConfigurationPlatforms) = postSolution
		{13A3E2A0-393F-46C4-A535-B6E86863FE99}.Debug|Any CPU.ActiveCfg = Debug|Any CPU
		{13A3E2A0-393F-46C4-A535-B6E86863FE99}.Debug|Any CPU.Build.0 = Debug|Any CPU
		{13A3E2A0-393F-46C4-A535-B6E86863FE99}.Release|Any CPU.ActiveCfg = Release|Any CPU
		{13A3E2A0-393F-46C4-A535-B6E86863FE99}.Release|Any CPU.Build.0 = Release|Any CPU
		{9BE0722F-0D74-4CD6-9D3E-74F1925969A3}.Debug|Any CPU.ActiveCfg = Debug|Any CPU
		{9BE0722F-0D74-4CD6-9D3E-74F1925969A3}.Debug|Any CPU.Build.0 = Debug|Any CPU
		{9BE0722F-0D74-4CD6-9D3E-74F1925969A3}.Release|Any CPU.ActiveCfg = Release|Any CPU
		{9BE0722F-0D74-4CD6-9D3E-74F1925969A3}.Release|Any CPU.Build.0 = Release|Any CPU
		{D8456E4F-A14F-4EE5-BAF3-D6D625B75FA0}.Debug|Any CPU.ActiveCfg = Debug|Any CPU
		{D8456E4F-A14F-4EE5-BAF3-D6D625B75FA0}.Debug|Any CPU.Build.0 = Debug|Any CPU
		{D8456E4F-A14F-4EE5-BAF3-D6D625B75FA0}.Release|Any CPU.ActiveCfg = Release|Any CPU
		{D8456E4F-A14F-4EE5-BAF3-D6D625B75FA0}.Release|Any CPU.Build.0 = Release|Any CPU
		{BC39F279-37FD-407B-BB70-93D7E6D7CAA0}.Debug|Any CPU.ActiveCfg = Debug|Any CPU
		{BC39F279-37FD-407B-BB70-93D7E6D7CAA0}.Debug|Any CPU.Build.0 = Debug|Any CPU
		{BC39F279-37FD-407B-BB70-93D7E6D7CAA0}.Release|Any CPU.ActiveCfg = Release|Any CPU
		{BC39F279-37FD-407B-BB70-93D7E6D7CAA0}.Release|Any CPU.Build.0 = Release|Any CPU
	EndGlobalSection
	GlobalSection(SolutionProperties) = preSolution
		HideSolutionNode = FALSE
	EndGlobalSection
	GlobalSection(ExtensibilityGlobals) = postSolution
		SolutionGuid = {2FB36EE3-6F99-4915-ADE4-7398EFF98865}
	EndGlobalSection
EndGlobal
